
Microsoft Visual Studio Solution File, Format Version 12.00
# Visual Studio Version 17
VisualStudioVersion = 17.0.32112.339
MinimumVisualStudioVersion = 10.0.40219.1
Project("{FAE04EC0-301F-11D3-BF4B-00C04F79EFBC}") = "ATMService", "ATMService\ATMService.csproj", "{4B296098-B607-451B-BE5F-687F52D15517}"
EndProject
Global
	GlobalSection(SolutionConfigurationPlatforms) = preSolution
		Debug|Any CPU = Debug|Any CPU
		Release|Any CPU = Release|Any CPU
	EndGlobalSection
	GlobalSection(ProjectConfigurationPlatforms) = postSolution
		{4B296098-B607-451B-BE5F-687F52D15517}.Debug|Any CPU.ActiveCfg = Debug|Any CPU
		{4B296098-B607-451B-BE5F-687F52D15517}.Debug|Any CPU.Build.0 = Debug|Any CPU
		{4B296098-B607-451B-BE5F-687F52D15517}.Release|Any CPU.ActiveCfg = Release|Any CPU
		{4B296098-B607-451B-BE5F-687F52D15517}.Release|Any CPU.Build.0 = Release|Any CPU
	EndGlobalSection
	GlobalSection(SolutionProperties) = preSolution
		HideSolutionNode = FALSE
	EndGlobalSection
	GlobalSection(ExtensibilityGlobals) = postSolution
		SolutionGuid = {A77532EA-AF89-4C08-9E22-189A06AF9BA0}
	EndGlobalSection
EndGlobal
